
Microsoft Visual Studio Solution File, Format Version 12.00
# Visual Studio 15
VisualStudioVersion = 15.0.26124.0
MinimumVisualStudioVersion = 15.0.26124.0
Project("{FAE04EC0-301F-11D3-BF4B-00C04F79EFBC}") = "PizzaBox.Client", "PizzaBox.Client\PizzaBox.Client.csproj", "{78ED9C8F-40CF-4B51-9C6A-95E9A4C00630}"
EndProject
Project("{FAE04EC0-301F-11D3-BF4B-00C04F79EFBC}") = "PizzaBox.Domain", "PizzaBox.Domain\PizzaBox.Domain.csproj", "{A6DDA38B-685E-46A6-B951-DF221FE70134}"
EndProject
Project("{FAE04EC0-301F-11D3-BF4B-00C04F79EFBC}") = "PizzaBox.Storing", "PizzaBox.Storing\PizzaBox.Storing.csproj", "{126F0056-9752-4610-ADD0-C1956CAB3670}"
EndProject
Project("{FAE04EC0-301F-11D3-BF4B-00C04F79EFBC}") = "PizzaBox.Testing", "PizzaBox.Testing\PizzaBox.Testing.csproj", "{24BE5EDD-4760-429E-849F-CAE6B969639A}"
EndProject
Global
	GlobalSection(SolutionConfigurationPlatforms) = preSolution
		Debug|Any CPU = Debug|Any CPU
		Debug|x64 = Debug|x64
		Debug|x86 = Debug|x86
		Release|Any CPU = Release|Any CPU
		Release|x64 = Release|x64
		Release|x86 = Release|x86
	EndGlobalSection
	GlobalSection(SolutionProperties) = preSolution
		HideSolutionNode = FALSE
	EndGlobalSection
	GlobalSection(ProjectConfigurationPlatforms) = postSolution
		{78ED9C8F-40CF-4B51-9C6A-95E9A4C00630}.Debug|Any CPU.ActiveCfg = Debug|Any CPU
		{78ED9C8F-40CF-4B51-9C6A-95E9A4C00630}.Debug|Any CPU.Build.0 = Debug|Any CPU
		{78ED9C8F-40CF-4B51-9C6A-95E9A4C00630}.Debug|x64.ActiveCfg = Debug|Any CPU
		{78ED9C8F-40CF-4B51-9C6A-95E9A4C00630}.Debug|x64.Build.0 = Debug|Any CPU
		{78ED9C8F-40CF-4B51-9C6A-95E9A4C00630}.Debug|x86.ActiveCfg = Debug|Any CPU
		{78ED9C8F-40CF-4B51-9C6A-95E9A4C00630}.Debug|x86.Build.0 = Debug|Any CPU
		{78ED9C8F-40CF-4B51-9C6A-95E9A4C00630}.Release|Any CPU.ActiveCfg = Release|Any CPU
		{78ED9C8F-40CF-4B51-9C6A-95E9A4C00630}.Release|Any CPU.Build.0 = Release|Any CPU
		{78ED9C8F-40CF-4B51-9C6A-95E9A4C00630}.Release|x64.ActiveCfg = Release|Any CPU
		{78ED9C8F-40CF-4B51-9C6A-95E9A4C00630}.Release|x64.Build.0 = Release|Any CPU
		{78ED9C8F-40CF-4B51-9C6A-95E9A4C00630}.Release|x86.ActiveCfg = Release|Any CPU
		{78ED9C8F-40CF-4B51-9C6A-95E9A4C00630}.Release|x86.Build.0 = Release|Any CPU
		{A6DDA38B-685E-46A6-B951-DF221FE70134}.Debug|Any CPU.ActiveCfg = Debug|Any CPU
		{A6DDA38B-685E-46A6-B951-DF221FE70134}.Debug|Any CPU.Build.0 = Debug|Any CPU
		{A6DDA38B-685E-46A6-B951-DF221FE70134}.Debug|x64.ActiveCfg = Debug|Any CPU
		{A6DDA38B-685E-46A6-B951-DF221FE70134}.Debug|x64.Build.0 = Debug|Any CPU
		{A6DDA38B-685E-46A6-B951-DF221FE70134}.Debug|x86.ActiveCfg = Debug|Any CPU
		{A6DDA38B-685E-46A6-B951-DF221FE70134}.Debug|x86.Build.0 = Debug|Any CPU
		{A6DDA38B-685E-46A6-B951-DF221FE70134}.Release|Any CPU.ActiveCfg = Release|Any CPU
		{A6DDA38B-685E-46A6-B951-DF221FE70134}.Release|Any CPU.Build.0 = Release|Any CPU
		{A6DDA38B-685E-46A6-B951-DF221FE70134}.Release|x64.ActiveCfg = Release|Any CPU
		{A6DDA38B-685E-46A6-B951-DF221FE70134}.Release|x64.Build.0 = Release|Any CPU
		{A6DDA38B-685E-46A6-B951-DF221FE70134}.Release|x86.ActiveCfg = Release|Any CPU
		{A6DDA38B-685E-46A6-B951-DF221FE70134}.Release|x86.Build.0 = Release|Any CPU
		{CED3D597-DC4A-400B-B895-F28109452119}.Debug|Any CPU.ActiveCfg = Debug|Any CPU
		{CED3D597-DC4A-400B-B895-F28109452119}.Debug|Any CPU.Build.0 = Debug|Any CPU
		{CED3D597-DC4A-400B-B895-F28109452119}.Debug|x64.ActiveCfg = Debug|Any CPU
		{CED3D597-DC4A-400B-B895-F28109452119}.Debug|x64.Build.0 = Debug|Any CPU
		{CED3D597-DC4A-400B-B895-F28109452119}.Debug|x86.ActiveCfg = Debug|Any CPU
		{CED3D597-DC4A-400B-B895-F28109452119}.Debug|x86.Build.0 = Debug|Any CPU
		{CED3D597-DC4A-400B-B895-F28109452119}.Release|Any CPU.ActiveCfg = Release|Any CPU
		{CED3D597-DC4A-400B-B895-F28109452119}.Release|Any CPU.Build.0 = Release|Any CPU
		{CED3D597-DC4A-400B-B895-F28109452119}.Release|x64.ActiveCfg = Release|Any CPU
		{CED3D597-DC4A-400B-B895-F28109452119}.Release|x64.Build.0 = Release|Any CPU
		{CED3D597-DC4A-400B-B895-F28109452119}.Release|x86.ActiveCfg = Release|Any CPU
		{CED3D597-DC4A-400B-B895-F28109452119}.Release|x86.Build.0 = Release|Any CPU
		{126F0056-9752-4610-ADD0-C1956CAB3670}.Debug|Any CPU.ActiveCfg = Debug|Any CPU
		{126F0056-9752-4610-ADD0-C1956CAB3670}.Debug|Any CPU.Build.0 = Debug|Any CPU
		{126F0056-9752-4610-ADD0-C1956CAB3670}.Debug|x64.ActiveCfg = Debug|Any CPU
		{126F0056-9752-4610-ADD0-C1956CAB3670}.Debug|x64.Build.0 = Debug|Any CPU
		{126F0056-9752-4610-ADD0-C1956CAB3670}.Debug|x86.ActiveCfg = Debug|Any CPU
		{126F0056-9752-4610-ADD0-C1956CAB3670}.Debug|x86.Build.0 = Debug|Any CPU
		{126F0056-9752-4610-ADD0-C1956CAB3670}.Release|Any CPU.ActiveCfg = Release|Any CPU
		{126F0056-9752-4610-ADD0-C1956CAB3670}.Release|Any CPU.Build.0 = Release|Any CPU
		{126F0056-9752-4610-ADD0-C1956CAB3670}.Release|x64.ActiveCfg = Release|Any CPU
		{126F0056-9752-4610-ADD0-C1956CAB3670}.Release|x64.Build.0 = Release|Any CPU
		{126F0056-9752-4610-ADD0-C1956CAB3670}.Release|x86.ActiveCfg = Release|Any CPU
		{126F0056-9752-4610-ADD0-C1956CAB3670}.Release|x86.Build.0 = Release|Any CPU
		{24BE5EDD-4760-429E-849F-CAE6B969639A}.Debug|Any CPU.ActiveCfg = Debug|Any CPU
		{24BE5EDD-4760-429E-849F-CAE6B969639A}.Debug|Any CPU.Build.0 = Debug|Any CPU
		{24BE5EDD-4760-429E-849F-CAE6B969639A}.Debug|x64.ActiveCfg = Debug|Any CPU
		{24BE5EDD-4760-429E-849F-CAE6B969639A}.Debug|x64.Build.0 = Debug|Any CPU
		{24BE5EDD-4760-429E-849F-CAE6B969639A}.Debug|x86.ActiveCfg = Debug|Any CPU
		{24BE5EDD-4760-429E-849F-CAE6B969639A}.Debug|x86.Build.0 = Debug|Any CPU
		{24BE5EDD-4760-429E-849F-CAE6B969639A}.Release|Any CPU.ActiveCfg = Release|Any CPU
		{24BE5EDD-4760-429E-849F-CAE6B969639A}.Release|Any CPU.Build.0 = Release|Any CPU
		{24BE5EDD-4760-429E-849F-CAE6B969639A}.Release|x64.ActiveCfg = Release|Any CPU
		{24BE5EDD-4760-429E-849F-CAE6B969639A}.Release|x64.Build.0 = Release|Any CPU
		{24BE5EDD-4760-429E-849F-CAE6B969639A}.Release|x86.ActiveCfg = Release|Any CPU
		{24BE5EDD-4760-429E-849F-CAE6B969639A}.Release|x86.Build.0 = Release|Any CPU
	EndGlobalSection
EndGlobal
